
Microsoft Visual Studio Solution File, Format Version 12.00
# Visual Studio Version 17
VisualStudioVersion = 17.11.35327.3
MinimumVisualStudioVersion = 10.0.40219.1
Project("{2150E333-8FDC-42A3-9474-1A3956D46DE8}") = "APIS", "APIS", "{4ACDE0D9-E1A4-4366-90A3-3DADA3FF101E}"
EndProject
Project("{FAE04EC0-301F-11D3-BF4B-00C04F79EFBC}") = "EcoLife.AuthAPi", "EcoLife.AuthAPi\EcoLife.AuthAPi.csproj", "{91D84856-AD80-48E1-9401-F5B47B0AA59A}"
EndProject
Global
	GlobalSection(SolutionConfigurationPlatforms) = preSolution
		Debug|Any CPU = Debug|Any CPU
		Release|Any CPU = Release|Any CPU
	EndGlobalSection
	GlobalSection(ProjectConfigurationPlatforms) = postSolution
		{91D84856-AD80-48E1-9401-F5B47B0AA59A}.Debug|Any CPU.ActiveCfg = Debug|Any CPU
		{91D84856-AD80-48E1-9401-F5B47B0AA59A}.Debug|Any CPU.Build.0 = Debug|Any CPU
		{91D84856-AD80-48E1-9401-F5B47B0AA59A}.Release|Any CPU.ActiveCfg = Release|Any CPU
		{91D84856-AD80-48E1-9401-F5B47B0AA59A}.Release|Any CPU.Build.0 = Release|Any CPU
	EndGlobalSection
	GlobalSection(SolutionProperties) = preSolution
		HideSolutionNode = FALSE
	EndGlobalSection
	GlobalSection(NestedProjects) = preSolution
		{91D84856-AD80-48E1-9401-F5B47B0AA59A} = {4ACDE0D9-E1A4-4366-90A3-3DADA3FF101E}
	EndGlobalSection
	GlobalSection(ExtensibilityGlobals) = postSolution
		SolutionGuid = {D85995A1-2ED8-4051-B92E-3CE48ECD3B81}
	EndGlobalSection
EndGlobal
