
Microsoft Visual Studio Solution File, Format Version 12.00
# Visual Studio Version 17
VisualStudioVersion = 17.11.35327.3
MinimumVisualStudioVersion = 10.0.40219.1
Project("{2150E333-8FDC-42A3-9474-1A3956D46DE8}") = "APIS", "APIS", "{4ACDE0D9-E1A4-4366-90A3-3DADA3FF101E}"
EndProject
Project("{9A19103F-16F7-4668-BE54-9A1E7A4F7556}") = "EcoLife.AuthAPi", "EcoLife.AuthAPi\EcoLife.AuthAPi.csproj", "{91D84856-AD80-48E1-9401-F5B47B0AA59A}"
EndProject
Project("{9A19103F-16F7-4668-BE54-9A1E7A4F7556}") = "EcoLife.HouseHoldApi", "EcoLife.HouseHoldApi\EcoLife.HouseHoldApi.csproj", "{12E8D9A9-63F5-4C2D-B7CB-7E0CB0D6F3FD}"
EndProject
Project("{9A19103F-16F7-4668-BE54-9A1E7A4F7556}") = "EcoLife.TransportationApi", "EcoLife.TransportationApi\EcoLife.TransportationApi.csproj", "{B70EA7E3-C1BB-4ADC-86EE-9F9700F971EA}"
EndProject
Project("{9A19103F-16F7-4668-BE54-9A1E7A4F7556}") = "EcoLife.WasteManagementApi", "EcoLife.WasteManagementApi\EcoLife.WasteManagementApi.csproj", "{CACACB9A-75FF-41C0-A30C-437B472B2EFB}"
EndProject
Project("{9A19103F-16F7-4668-BE54-9A1E7A4F7556}") = "EcoLife.RecommendationApi", "EcoLife.RecommendationApi\EcoLife.RecommendationApi.csproj", "{B5EABAAB-4B57-4E35-B8C5-89C5E3ACE00C}"
EndProject
Project("{2150E333-8FDC-42A3-9474-1A3956D46DE8}") = "Gateway", "Gateway", "{64DF7013-7287-46EA-98C3-F72D0A3A69B8}"
EndProject
Project("{FAE04EC0-301F-11D3-BF4B-00C04F79EFBC}") = "GatewayApi", "GatewayApi\GatewayApi.csproj", "{CDD60D75-168B-40E5-ADD5-3C03FD8519A2}"
EndProject
Global
	GlobalSection(SolutionConfigurationPlatforms) = preSolution
		Debug|Any CPU = Debug|Any CPU
		Release|Any CPU = Release|Any CPU
	EndGlobalSection
	GlobalSection(ProjectConfigurationPlatforms) = postSolution
		{91D84856-AD80-48E1-9401-F5B47B0AA59A}.Debug|Any CPU.ActiveCfg = Debug|Any CPU
		{91D84856-AD80-48E1-9401-F5B47B0AA59A}.Debug|Any CPU.Build.0 = Debug|Any CPU
		{91D84856-AD80-48E1-9401-F5B47B0AA59A}.Release|Any CPU.ActiveCfg = Release|Any CPU
		{91D84856-AD80-48E1-9401-F5B47B0AA59A}.Release|Any CPU.Build.0 = Release|Any CPU
		{12E8D9A9-63F5-4C2D-B7CB-7E0CB0D6F3FD}.Debug|Any CPU.ActiveCfg = Debug|Any CPU
		{12E8D9A9-63F5-4C2D-B7CB-7E0CB0D6F3FD}.Debug|Any CPU.Build.0 = Debug|Any CPU
		{12E8D9A9-63F5-4C2D-B7CB-7E0CB0D6F3FD}.Release|Any CPU.ActiveCfg = Release|Any CPU
		{12E8D9A9-63F5-4C2D-B7CB-7E0CB0D6F3FD}.Release|Any CPU.Build.0 = Release|Any CPU
		{B70EA7E3-C1BB-4ADC-86EE-9F9700F971EA}.Debug|Any CPU.ActiveCfg = Debug|Any CPU
		{B70EA7E3-C1BB-4ADC-86EE-9F9700F971EA}.Debug|Any CPU.Build.0 = Debug|Any CPU
		{B70EA7E3-C1BB-4ADC-86EE-9F9700F971EA}.Release|Any CPU.ActiveCfg = Release|Any CPU
		{B70EA7E3-C1BB-4ADC-86EE-9F9700F971EA}.Release|Any CPU.Build.0 = Release|Any CPU
		{CACACB9A-75FF-41C0-A30C-437B472B2EFB}.Debug|Any CPU.ActiveCfg = Debug|Any CPU
		{CACACB9A-75FF-41C0-A30C-437B472B2EFB}.Debug|Any CPU.Build.0 = Debug|Any CPU
		{CACACB9A-75FF-41C0-A30C-437B472B2EFB}.Release|Any CPU.ActiveCfg = Release|Any CPU
		{CACACB9A-75FF-41C0-A30C-437B472B2EFB}.Release|Any CPU.Build.0 = Release|Any CPU
		{B5EABAAB-4B57-4E35-B8C5-89C5E3ACE00C}.Debug|Any CPU.ActiveCfg = Debug|Any CPU
		{B5EABAAB-4B57-4E35-B8C5-89C5E3ACE00C}.Debug|Any CPU.Build.0 = Debug|Any CPU
		{B5EABAAB-4B57-4E35-B8C5-89C5E3ACE00C}.Release|Any CPU.ActiveCfg = Release|Any CPU
		{B5EABAAB-4B57-4E35-B8C5-89C5E3ACE00C}.Release|Any CPU.Build.0 = Release|Any CPU
		{CDD60D75-168B-40E5-ADD5-3C03FD8519A2}.Debug|Any CPU.ActiveCfg = Debug|Any CPU
		{CDD60D75-168B-40E5-ADD5-3C03FD8519A2}.Debug|Any CPU.Build.0 = Debug|Any CPU
		{CDD60D75-168B-40E5-ADD5-3C03FD8519A2}.Release|Any CPU.ActiveCfg = Release|Any CPU
		{CDD60D75-168B-40E5-ADD5-3C03FD8519A2}.Release|Any CPU.Build.0 = Release|Any CPU
	EndGlobalSection
	GlobalSection(SolutionProperties) = preSolution
		HideSolutionNode = FALSE
	EndGlobalSection
	GlobalSection(NestedProjects) = preSolution
		{91D84856-AD80-48E1-9401-F5B47B0AA59A} = {4ACDE0D9-E1A4-4366-90A3-3DADA3FF101E}
		{12E8D9A9-63F5-4C2D-B7CB-7E0CB0D6F3FD} = {4ACDE0D9-E1A4-4366-90A3-3DADA3FF101E}
		{B70EA7E3-C1BB-4ADC-86EE-9F9700F971EA} = {4ACDE0D9-E1A4-4366-90A3-3DADA3FF101E}
		{CACACB9A-75FF-41C0-A30C-437B472B2EFB} = {4ACDE0D9-E1A4-4366-90A3-3DADA3FF101E}
		{B5EABAAB-4B57-4E35-B8C5-89C5E3ACE00C} = {4ACDE0D9-E1A4-4366-90A3-3DADA3FF101E}
		{CDD60D75-168B-40E5-ADD5-3C03FD8519A2} = {64DF7013-7287-46EA-98C3-F72D0A3A69B8}
	EndGlobalSection
	GlobalSection(ExtensibilityGlobals) = postSolution
		SolutionGuid = {D85995A1-2ED8-4051-B92E-3CE48ECD3B81}
	EndGlobalSection
EndGlobal
